
Microsoft Visual Studio Solution File, Format Version 12.00
# Visual Studio Version 17
VisualStudioVersion = 17.5.33530.505
MinimumVisualStudioVersion = 10.0.40219.1
Project("{FAE04EC0-301F-11D3-BF4B-00C04F79EFBC}") = "qwerty-chat-api", "qwerty-chat-api.csproj", "{8CA6A7D8-D32A-480D-811F-B80A3D4D72CA}"
EndProject
Global
	GlobalSection(SolutionConfigurationPlatforms) = preSolution
		Debug|Any CPU = Debug|Any CPU
		Release|Any CPU = Release|Any CPU
	EndGlobalSection
	GlobalSection(ProjectConfigurationPlatforms) = postSolution
		{8CA6A7D8-D32A-480D-811F-B80A3D4D72CA}.Debug|Any CPU.ActiveCfg = Debug|Any CPU
		{8CA6A7D8-D32A-480D-811F-B80A3D4D72CA}.Debug|Any CPU.Build.0 = Debug|Any CPU
		{8CA6A7D8-D32A-480D-811F-B80A3D4D72CA}.Release|Any CPU.ActiveCfg = Release|Any CPU
		{8CA6A7D8-D32A-480D-811F-B80A3D4D72CA}.Release|Any CPU.Build.0 = Release|Any CPU
	EndGlobalSection
	GlobalSection(SolutionProperties) = preSolution
		HideSolutionNode = FALSE
	EndGlobalSection
	GlobalSection(ExtensibilityGlobals) = postSolution
		SolutionGuid = {88F27DAC-67BD-4521-9E6B-D89B0E8C9CB8}
	EndGlobalSection
EndGlobal
